
Microsoft Visual Studio Solution File, Format Version 12.00
# Visual Studio 15
VisualStudioVersion = 15.0.28307.852
MinimumVisualStudioVersion = 10.0.40219.1
Project("{FAE04EC0-301F-11D3-BF4B-00C04F79EFBC}") = "ProyectoBaseDatosFront", "ProyectoBaseDatosFront\ProyectoBaseDatosFront.csproj", "{7F857449-A023-4A37-BDE7-4FE7798F0D8E}"
EndProject
Global
	GlobalSection(SolutionConfigurationPlatforms) = preSolution
		Debug|Any CPU = Debug|Any CPU
		Release|Any CPU = Release|Any CPU
	EndGlobalSection
	GlobalSection(ProjectConfigurationPlatforms) = postSolution
		{7F857449-A023-4A37-BDE7-4FE7798F0D8E}.Debug|Any CPU.ActiveCfg = Debug|Any CPU
		{7F857449-A023-4A37-BDE7-4FE7798F0D8E}.Debug|Any CPU.Build.0 = Debug|Any CPU
		{7F857449-A023-4A37-BDE7-4FE7798F0D8E}.Release|Any CPU.ActiveCfg = Release|Any CPU
		{7F857449-A023-4A37-BDE7-4FE7798F0D8E}.Release|Any CPU.Build.0 = Release|Any CPU
	EndGlobalSection
	GlobalSection(SolutionProperties) = preSolution
		HideSolutionNode = FALSE
	EndGlobalSection
	GlobalSection(ExtensibilityGlobals) = postSolution
		SolutionGuid = {98A37467-A366-4371-BA93-B3E20DDE8DCE}
	EndGlobalSection
EndGlobal
